// !$*UTF8*$!
{
	archiveVersion = 1;
	classes = {
	};
	objectVersion = 46;
	objects = {

/* Begin PBXBuildFile section */
		4E1BB6561C99527100A17C22 /* main.m in Sources */ = {isa = PBXBuildFile; fileRef = 4E1BB6551C99527100A17C22 /* main.m */; };
		4E1BB6591C99527100A17C22 /* AppDelegate.m in Sources */ = {isa = PBXBuildFile; fileRef = 4E1BB6581C99527100A17C22 /* AppDelegate.m */; };
		4E1BB65C1C99527100A17C22 /* ViewController.m in Sources */ = {isa = PBXBuildFile; fileRef = 4E1BB65B1C99527100A17C22 /* ViewController.m */; };
		4E1BB65F1C99527100A17C22 /* Main.storyboard in Resources */ = {isa = PBXBuildFile; fileRef = 4E1BB65D1C99527100A17C22 /* Main.storyboard */; };
		4E1BB6611C99527100A17C22 /* Assets.xcassets in Resources */ = {isa = PBXBuildFile; fileRef = 4E1BB6601C99527100A17C22 /* Assets.xcassets */; };
		4E1BB6641C99527100A17C22 /* LaunchScreen.storyboard in Resources */ = {isa = PBXBuildFile; fileRef = 4E1BB6621C99527100A17C22 /* LaunchScreen.storyboard */; };
		4E1BB66F1C99527200A17C22 /* mmhjTests.m in Sources */ = {isa = PBXBuildFile; fileRef = 4E1BB66E1C99527200A17C22 /* mmhjTests.m */; };
		4E1BB67A1C99527200A17C22 /* mmhjUITests.m in Sources */ = {isa = PBXBuildFile; fileRef = 4E1BB6791C99527200A17C22 /* mmhjUITests.m */; };
		4E2BF23A1C9A53E9002ED89B /* Network.m in Sources */ = {isa = PBXBuildFile; fileRef = 4E2BF2391C9A53E9002ED89B /* Network.m */; };
		4E2BF2741C9A5C2D002ED89B /* NSDictionary+YC.m in Sources */ = {isa = PBXBuildFile; fileRef = 4E2BF2731C9A5C2D002ED89B /* NSDictionary+YC.m */; };
		4E2BF27A1C9A8448002ED89B /* NSArray+YC.m in Sources */ = {isa = PBXBuildFile; fileRef = 4E2BF2791C9A8448002ED89B /* NSArray+YC.m */; };
		4E2BF27F1C9A8734002ED89B /* Banner.m in Sources */ = {isa = PBXBuildFile; fileRef = 4E2BF27E1C9A8734002ED89B /* Banner.m */; };
		4E2BF2881C9A89B6002ED89B /* HomeVC.m in Sources */ = {isa = PBXBuildFile; fileRef = 4E2BF2871C9A89B6002ED89B /* HomeVC.m */; };
		4E2BF28B1C9A8A55002ED89B /* BaseViewController.m in Sources */ = {isa = PBXBuildFile; fileRef = 4E2BF28A1C9A8A55002ED89B /* BaseViewController.m */; };
		4E2BF2911C9AAAB6002ED89B /* TempViewController.m in Sources */ = {isa = PBXBuildFile; fileRef = 4E2BF2901C9AAAB6002ED89B /* TempViewController.m */; };
		4E2BF2B31C9AADB3002ED89B /* ad.png in Resources */ = {isa = PBXBuildFile; fileRef = 4E2BF2931C9AADB3002ED89B /* ad.png */; };
		4E2BF2B41C9AADB3002ED89B /* btn1.png in Resources */ = {isa = PBXBuildFile; fileRef = 4E2BF2941C9AADB3002ED89B /* btn1.png */; };
		4E2BF2B51C9AADB3002ED89B /* btn2.png in Resources */ = {isa = PBXBuildFile; fileRef = 4E2BF2951C9AADB3002ED89B /* btn2.png */; };
		4E2BF2B61C9AADB3002ED89B /* btn3.png in Resources */ = {isa = PBXBuildFile; fileRef = 4E2BF2961C9AADB3002ED89B /* btn3.png */; };
		4E2BF2B71C9AADB3002ED89B /* btn4.png in Resources */ = {isa = PBXBuildFile; fileRef = 4E2BF2971C9AADB3002ED89B /* btn4.png */; };
		4E2BF2B81C9AADB3002ED89B /* calll.png in Resources */ = {isa = PBXBuildFile; fileRef = 4E2BF2981C9AADB3002ED89B /* calll.png */; };
		4E2BF2B91C9AADB3002ED89B /* cart.png in Resources */ = {isa = PBXBuildFile; fileRef = 4E2BF2991C9AADB3002ED89B /* cart.png */; };
		4E2BF2BA1C9AADB3002ED89B /* co.png in Resources */ = {isa = PBXBuildFile; fileRef = 4E2BF29A1C9AADB3002ED89B /* co.png */; };
		4E2BF2BB1C9AADB3002ED89B /* details_return_btn.png in Resources */ = {isa = PBXBuildFile; fileRef = 4E2BF29B1C9AADB3002ED89B /* details_return_btn.png */; };
		4E2BF2BC1C9AADB3002ED89B /* discount_activity.png in Resources */ = {isa = PBXBuildFile; fileRef = 4E2BF29C1C9AADB3002ED89B /* discount_activity.png */; };
		4E2BF2BD1C9AADB3002ED89B /* enter.png in Resources */ = {isa = PBXBuildFile; fileRef = 4E2BF29D1C9AADB3002ED89B /* enter.png */; };
		4E2BF2BE1C9AADB3002ED89B /* file.png in Resources */ = {isa = PBXBuildFile; fileRef = 4E2BF29E1C9AADB3002ED89B /* file.png */; };
		4E2BF2BF1C9AADB3002ED89B /* fuli.png in Resources */ = {isa = PBXBuildFile; fileRef = 4E2BF29F1C9AADB3002ED89B /* fuli.png */; };
		4E2BF2C01C9AADB3002ED89B /* help.png in Resources */ = {isa = PBXBuildFile; fileRef = 4E2BF2A01C9AADB3002ED89B /* help.png */; };
		4E2BF2C11C9AADB3002ED89B /* ic_launcher.png in Resources */ = {isa = PBXBuildFile; fileRef = 4E2BF2A11C9AADB3002ED89B /* ic_launcher.png */; };
		4E2BF2C21C9AADB3002ED89B /* img1.png in Resources */ = {isa = PBXBuildFile; fileRef = 4E2BF2A21C9AADB3002ED89B /* img1.png */; };
		4E2BF2C31C9AADB3002ED89B /* img2.png in Resources */ = {isa = PBXBuildFile; fileRef = 4E2BF2A31C9AADB3002ED89B /* img2.png */; };
		4E2BF2C41C9AADB3002ED89B /* img3.png in Resources */ = {isa = PBXBuildFile; fileRef = 4E2BF2A41C9AADB3002ED89B /* img3.png */; };
		4E2BF2C51C9AADB3002ED89B /* img4.png in Resources */ = {isa = PBXBuildFile; fileRef = 4E2BF2A51C9AADB3002ED89B /* img4.png */; };
		4E2BF2C61C9AADB3002ED89B /* img5.png in Resources */ = {isa = PBXBuildFile; fileRef = 4E2BF2A61C9AADB3002ED89B /* img5.png */; };
		4E2BF2C71C9AADB3002ED89B /* img6.png in Resources */ = {isa = PBXBuildFile; fileRef = 4E2BF2A71C9AADB3002ED89B /* img6.png */; };
		4E2BF2C81C9AADB3002ED89B /* li.png in Resources */ = {isa = PBXBuildFile; fileRef = 4E2BF2A81C9AADB3002ED89B /* li.png */; };
		4E2BF2C91C9AADB3002ED89B /* lo.png in Resources */ = {isa = PBXBuildFile; fileRef = 4E2BF2A91C9AADB3002ED89B /* lo.png */; };
		4E2BF2CA1C9AADB3002ED89B /* m.png in Resources */ = {isa = PBXBuildFile; fileRef = 4E2BF2AA1C9AADB3002ED89B /* m.png */; };
		4E2BF2CB1C9AADB3002ED89B /* main.png in Resources */ = {isa = PBXBuildFile; fileRef = 4E2BF2AB1C9AADB3002ED89B /* main.png */; };
		4E2BF2CC1C9AADB3002ED89B /* msg.png in Resources */ = {isa = PBXBuildFile; fileRef = 4E2BF2AC1C9AADB3002ED89B /* msg.png */; };
		4E2BF2CD1C9AADB3002ED89B /* near_activity.png in Resources */ = {isa = PBXBuildFile; fileRef = 4E2BF2AD1C9AADB3002ED89B /* near_activity.png */; };
		4E2BF2CE1C9AADB3002ED89B /* phone.png in Resources */ = {isa = PBXBuildFile; fileRef = 4E2BF2AE1C9AADB3002ED89B /* phone.png */; };
		4E2BF2CF1C9AADB3002ED89B /* quickly_buy.png in Resources */ = {isa = PBXBuildFile; fileRef = 4E2BF2AF1C9AADB3002ED89B /* quickly_buy.png */; };
		4E2BF2D01C9AADB3002ED89B /* shared.png in Resources */ = {isa = PBXBuildFile; fileRef = 4E2BF2B01C9AADB3002ED89B /* shared.png */; };
		4E2BF2D11C9AADB3002ED89B /* shose.png in Resources */ = {isa = PBXBuildFile; fileRef = 4E2BF2B11C9AADB3002ED89B /* shose.png */; };
		4E2BF2D21C9AADB3002ED89B /* xie.png in Resources */ = {isa = PBXBuildFile; fileRef = 4E2BF2B21C9AADB3002ED89B /* xie.png */; };
		7B5F821C798466C8121ED483 /* libPods.a in Frameworks */ = {isa = PBXBuildFile; fileRef = 9D3F74E2DE3B029965BCFB5C /* libPods.a */; };
/* End PBXBuildFile section */

/* Begin PBXContainerItemProxy section */
		4E1BB66B1C99527200A17C22 /* PBXContainerItemProxy */ = {
			isa = PBXContainerItemProxy;
			containerPortal = 4E1BB6491C99527000A17C22 /* Project object */;
			proxyType = 1;
			remoteGlobalIDString = 4E1BB6501C99527100A17C22;
			remoteInfo = mmhj;
		};
		4E1BB6761C99527200A17C22 /* PBXContainerItemProxy */ = {
			isa = PBXContainerItemProxy;
			containerPortal = 4E1BB6491C99527000A17C22 /* Project object */;
			proxyType = 1;
			remoteGlobalIDString = 4E1BB6501C99527100A17C22;
			remoteInfo = mmhj;
		};
/* End PBXContainerItemProxy section */

/* Begin PBXFileReference section */
		4E1BB6511C99527100A17C22 /* mmhj.app */ = {isa = PBXFileReference; explicitFileType = wrapper.application; includeInIndex = 0; path = mmhj.app; sourceTree = BUILT_PRODUCTS_DIR; };
		4E1BB6551C99527100A17C22 /* main.m */ = {isa = PBXFileReference; lastKnownFileType = sourcecode.c.objc; path = main.m; sourceTree = "<group>"; };
		4E1BB6571C99527100A17C22 /* AppDelegate.h */ = {isa = PBXFileReference; lastKnownFileType = sourcecode.c.h; path = AppDelegate.h; sourceTree = "<group>"; };
		4E1BB6581C99527100A17C22 /* AppDelegate.m */ = {isa = PBXFileReference; lastKnownFileType = sourcecode.c.objc; path = AppDelegate.m; sourceTree = "<group>"; };
		4E1BB65A1C99527100A17C22 /* ViewController.h */ = {isa = PBXFileReference; lastKnownFileType = sourcecode.c.h; path = ViewController.h; sourceTree = "<group>"; };
		4E1BB65B1C99527100A17C22 /* ViewController.m */ = {isa = PBXFileReference; lastKnownFileType = sourcecode.c.objc; path = ViewController.m; sourceTree = "<group>"; };
		4E1BB65E1C99527100A17C22 /* Base */ = {isa = PBXFileReference; lastKnownFileType = file.storyboard; name = Base; path = Base.lproj/Main.storyboard; sourceTree = "<group>"; };
		4E1BB6601C99527100A17C22 /* Assets.xcassets */ = {isa = PBXFileReference; lastKnownFileType = folder.assetcatalog; path = Assets.xcassets; sourceTree = "<group>"; };
		4E1BB6631C99527100A17C22 /* Base */ = {isa = PBXFileReference; lastKnownFileType = file.storyboard; name = Base; path = Base.lproj/LaunchScreen.storyboard; sourceTree = "<group>"; };
		4E1BB6651C99527100A17C22 /* Info.plist */ = {isa = PBXFileReference; lastKnownFileType = text.plist.xml; path = Info.plist; sourceTree = "<group>"; };
		4E1BB66A1C99527200A17C22 /* mmhjTests.xctest */ = {isa = PBXFileReference; explicitFileType = wrapper.cfbundle; includeInIndex = 0; path = mmhjTests.xctest; sourceTree = BUILT_PRODUCTS_DIR; };
		4E1BB66E1C99527200A17C22 /* mmhjTests.m */ = {isa = PBXFileReference; lastKnownFileType = sourcecode.c.objc; path = mmhjTests.m; sourceTree = "<group>"; };
		4E1BB6701C99527200A17C22 /* Info.plist */ = {isa = PBXFileReference; lastKnownFileType = text.plist.xml; path = Info.plist; sourceTree = "<group>"; };
		4E1BB6751C99527200A17C22 /* mmhjUITests.xctest */ = {isa = PBXFileReference; explicitFileType = wrapper.cfbundle; includeInIndex = 0; path = mmhjUITests.xctest; sourceTree = BUILT_PRODUCTS_DIR; };
		4E1BB6791C99527200A17C22 /* mmhjUITests.m */ = {isa = PBXFileReference; lastKnownFileType = sourcecode.c.objc; path = mmhjUITests.m; sourceTree = "<group>"; };
		4E1BB67B1C99527200A17C22 /* Info.plist */ = {isa = PBXFileReference; lastKnownFileType = text.plist.xml; path = Info.plist; sourceTree = "<group>"; };
		4E2BF2381C9A53E9002ED89B /* Network.h */ = {isa = PBXFileReference; fileEncoding = 4; lastKnownFileType = sourcecode.c.h; path = Network.h; sourceTree = "<group>"; };
		4E2BF2391C9A53E9002ED89B /* Network.m */ = {isa = PBXFileReference; fileEncoding = 4; lastKnownFileType = sourcecode.c.objc; path = Network.m; sourceTree = "<group>"; };
		4E2BF2691C9A59D6002ED89B /* NSLogDefine.h */ = {isa = PBXFileReference; lastKnownFileType = sourcecode.c.h; path = NSLogDefine.h; sourceTree = "<group>"; };
		4E2BF26B1C9A5B4A002ED89B /* Category.h */ = {isa = PBXFileReference; lastKnownFileType = sourcecode.c.h; path = Category.h; sourceTree = "<group>"; };
		4E2BF2721C9A5C2D002ED89B /* NSDictionary+YC.h */ = {isa = PBXFileReference; fileEncoding = 4; lastKnownFileType = sourcecode.c.h; path = "NSDictionary+YC.h"; sourceTree = "<group>"; };
		4E2BF2731C9A5C2D002ED89B /* NSDictionary+YC.m */ = {isa = PBXFileReference; fileEncoding = 4; lastKnownFileType = sourcecode.c.objc; path = "NSDictionary+YC.m"; sourceTree = "<group>"; };
		4E2BF2751C9A75ED002ED89B /* Base.h */ = {isa = PBXFileReference; lastKnownFileType = sourcecode.c.h; path = Base.h; sourceTree = "<group>"; };
		4E2BF2761C9A7634002ED89B /* mmhj.pch */ = {isa = PBXFileReference; lastKnownFileType = sourcecode.c.h; path = mmhj.pch; sourceTree = "<group>"; };
		4E2BF2781C9A8448002ED89B /* NSArray+YC.h */ = {isa = PBXFileReference; fileEncoding = 4; lastKnownFileType = sourcecode.c.h; path = "NSArray+YC.h"; sourceTree = "<group>"; };
		4E2BF2791C9A8448002ED89B /* NSArray+YC.m */ = {isa = PBXFileReference; fileEncoding = 4; lastKnownFileType = sourcecode.c.objc; path = "NSArray+YC.m"; sourceTree = "<group>"; };
		4E2BF27D1C9A8734002ED89B /* Banner.h */ = {isa = PBXFileReference; fileEncoding = 4; lastKnownFileType = sourcecode.c.h; path = Banner.h; sourceTree = "<group>"; };
		4E2BF27E1C9A8734002ED89B /* Banner.m */ = {isa = PBXFileReference; fileEncoding = 4; lastKnownFileType = sourcecode.c.objc; path = Banner.m; sourceTree = "<group>"; };
		4E2BF2811C9A88E4002ED89B /* Common.h */ = {isa = PBXFileReference; lastKnownFileType = sourcecode.c.h; path = Common.h; sourceTree = "<group>"; };
		4E2BF2861C9A89B6002ED89B /* HomeVC.h */ = {isa = PBXFileReference; fileEncoding = 4; lastKnownFileType = sourcecode.c.h; path = HomeVC.h; sourceTree = "<group>"; };
		4E2BF2871C9A89B6002ED89B /* HomeVC.m */ = {isa = PBXFileReference; fileEncoding = 4; lastKnownFileType = sourcecode.c.objc; path = HomeVC.m; sourceTree = "<group>"; };
		4E2BF2891C9A8A55002ED89B /* BaseViewController.h */ = {isa = PBXFileReference; fileEncoding = 4; lastKnownFileType = sourcecode.c.h; path = BaseViewController.h; sourceTree = "<group>"; };
		4E2BF28A1C9A8A55002ED89B /* BaseViewController.m */ = {isa = PBXFileReference; fileEncoding = 4; lastKnownFileType = sourcecode.c.objc; path = BaseViewController.m; sourceTree = "<group>"; };
		4E2BF28F1C9AAAB6002ED89B /* TempViewController.h */ = {isa = PBXFileReference; fileEncoding = 4; lastKnownFileType = sourcecode.c.h; path = TempViewController.h; sourceTree = "<group>"; };
		4E2BF2901C9AAAB6002ED89B /* TempViewController.m */ = {isa = PBXFileReference; fileEncoding = 4; lastKnownFileType = sourcecode.c.objc; path = TempViewController.m; sourceTree = "<group>"; };
		4E2BF2931C9AADB3002ED89B /* ad.png */ = {isa = PBXFileReference; lastKnownFileType = image.png; path = ad.png; sourceTree = "<group>"; };
		4E2BF2941C9AADB3002ED89B /* btn1.png */ = {isa = PBXFileReference; lastKnownFileType = image.png; path = btn1.png; sourceTree = "<group>"; };
		4E2BF2951C9AADB3002ED89B /* btn2.png */ = {isa = PBXFileReference; lastKnownFileType = image.png; path = btn2.png; sourceTree = "<group>"; };
		4E2BF2961C9AADB3002ED89B /* btn3.png */ = {isa = PBXFileReference; lastKnownFileType = image.png; path = btn3.png; sourceTree = "<group>"; };
		4E2BF2971C9AADB3002ED89B /* btn4.png */ = {isa = PBXFileReference; lastKnownFileType = image.png; path = btn4.png; sourceTree = "<group>"; };
		4E2BF2981C9AADB3002ED89B /* calll.png */ = {isa = PBXFileReference; lastKnownFileType = image.png; path = calll.png; sourceTree = "<group>"; };
		4E2BF2991C9AADB3002ED89B /* cart.png */ = {isa = PBXFileReference; lastKnownFileType = image.png; path = cart.png; sourceTree = "<group>"; };
		4E2BF29A1C9AADB3002ED89B /* co.png */ = {isa = PBXFileReference; lastKnownFileType = image.png; path = co.png; sourceTree = "<group>"; };
		4E2BF29B1C9AADB3002ED89B /* details_return_btn.png */ = {isa = PBXFileReference; lastKnownFileType = image.png; path = details_return_btn.png; sourceTree = "<group>"; };
		4E2BF29C1C9AADB3002ED89B /* discount_activity.png */ = {isa = PBXFileReference; lastKnownFileType = image.png; path = discount_activity.png; sourceTree = "<group>"; };
		4E2BF29D1C9AADB3002ED89B /* enter.png */ = {isa = PBXFileReference; lastKnownFileType = image.png; path = enter.png; sourceTree = "<group>"; };
		4E2BF29E1C9AADB3002ED89B /* file.png */ = {isa = PBXFileReference; lastKnownFileType = image.png; path = file.png; sourceTree = "<group>"; };
		4E2BF29F1C9AADB3002ED89B /* fuli.png */ = {isa = PBXFileReference; lastKnownFileType = image.png; path = fuli.png; sourceTree = "<group>"; };
		4E2BF2A01C9AADB3002ED89B /* help.png */ = {isa = PBXFileReference; lastKnownFileType = image.png; path = help.png; sourceTree = "<group>"; };
		4E2BF2A11C9AADB3002ED89B /* ic_launcher.png */ = {isa = PBXFileReference; lastKnownFileType = image.png; path = ic_launcher.png; sourceTree = "<group>"; };
		4E2BF2A21C9AADB3002ED89B /* img1.png */ = {isa = PBXFileReference; lastKnownFileType = image.png; path = img1.png; sourceTree = "<group>"; };
		4E2BF2A31C9AADB3002ED89B /* img2.png */ = {isa = PBXFileReference; lastKnownFileType = image.png; path = img2.png; sourceTree = "<group>"; };
		4E2BF2A41C9AADB3002ED89B /* img3.png */ = {isa = PBXFileReference; lastKnownFileType = image.png; path = img3.png; sourceTree = "<group>"; };
		4E2BF2A51C9AADB3002ED89B /* img4.png */ = {isa = PBXFileReference; lastKnownFileType = image.png; path = img4.png; sourceTree = "<group>"; };
		4E2BF2A61C9AADB3002ED89B /* img5.png */ = {isa = PBXFileReference; lastKnownFileType = image.png; path = img5.png; sourceTree = "<group>"; };
		4E2BF2A71C9AADB3002ED89B /* img6.png */ = {isa = PBXFileReference; lastKnownFileType = image.png; path = img6.png; sourceTree = "<group>"; };
		4E2BF2A81C9AADB3002ED89B /* li.png */ = {isa = PBXFileReference; lastKnownFileType = image.png; path = li.png; sourceTree = "<group>"; };
		4E2BF2A91C9AADB3002ED89B /* lo.png */ = {isa = PBXFileReference; lastKnownFileType = image.png; path = lo.png; sourceTree = "<group>"; };
		4E2BF2AA1C9AADB3002ED89B /* m.png */ = {isa = PBXFileReference; lastKnownFileType = image.png; path = m.png; sourceTree = "<group>"; };
		4E2BF2AB1C9AADB3002ED89B /* main.png */ = {isa = PBXFileReference; lastKnownFileType = image.png; path = main.png; sourceTree = "<group>"; };
		4E2BF2AC1C9AADB3002ED89B /* msg.png */ = {isa = PBXFileReference; lastKnownFileType = image.png; path = msg.png; sourceTree = "<group>"; };
		4E2BF2AD1C9AADB3002ED89B /* near_activity.png */ = {isa = PBXFileReference; lastKnownFileType = image.png; path = near_activity.png; sourceTree = "<group>"; };
		4E2BF2AE1C9AADB3002ED89B /* phone.png */ = {isa = PBXFileReference; lastKnownFileType = image.png; path = phone.png; sourceTree = "<group>"; };
		4E2BF2AF1C9AADB3002ED89B /* quickly_buy.png */ = {isa = PBXFileReference; lastKnownFileType = image.png; path = quickly_buy.png; sourceTree = "<group>"; };
		4E2BF2B01C9AADB3002ED89B /* shared.png */ = {isa = PBXFileReference; lastKnownFileType = image.png; path = shared.png; sourceTree = "<group>"; };
		4E2BF2B11C9AADB3002ED89B /* shose.png */ = {isa = PBXFileReference; lastKnownFileType = image.png; path = shose.png; sourceTree = "<group>"; };
		4E2BF2B21C9AADB3002ED89B /* xie.png */ = {isa = PBXFileReference; lastKnownFileType = image.png; path = xie.png; sourceTree = "<group>"; };
		72BE9491133ABB1CE03625F9 /* Pods.release.xcconfig */ = {isa = PBXFileReference; includeInIndex = 1; lastKnownFileType = text.xcconfig; name = Pods.release.xcconfig; path = "Pods/Target Support Files/Pods/Pods.release.xcconfig"; sourceTree = "<group>"; };
		7B9BDFE8AD9523546EA8E448 /* Pods.debug.xcconfig */ = {isa = PBXFileReference; includeInIndex = 1; lastKnownFileType = text.xcconfig; name = Pods.debug.xcconfig; path = "Pods/Target Support Files/Pods/Pods.debug.xcconfig"; sourceTree = "<group>"; };
		9D3F74E2DE3B029965BCFB5C /* libPods.a */ = {isa = PBXFileReference; explicitFileType = archive.ar; includeInIndex = 0; path = libPods.a; sourceTree = BUILT_PRODUCTS_DIR; };
/* End PBXFileReference section */

/* Begin PBXFrameworksBuildPhase section */
		4E1BB64E1C99527100A17C22 /* Frameworks */ = {
			isa = PBXFrameworksBuildPhase;
			buildActionMask = 2147483647;
			files = (
				7B5F821C798466C8121ED483 /* libPods.a in Frameworks */,
			);
			runOnlyForDeploymentPostprocessing = 0;
		};
		4E1BB6671C99527200A17C22 /* Frameworks */ = {
			isa = PBXFrameworksBuildPhase;
			buildActionMask = 2147483647;
			files = (
			);
			runOnlyForDeploymentPostprocessing = 0;
		};
		4E1BB6721C99527200A17C22 /* Frameworks */ = {
			isa = PBXFrameworksBuildPhase;
			buildActionMask = 2147483647;
			files = (
			);
			runOnlyForDeploymentPostprocessing = 0;
		};
/* End PBXFrameworksBuildPhase section */

/* Begin PBXGroup section */
		4E1BB6481C99527000A17C22 = {
			isa = PBXGroup;
			children = (
				4E1BB6531C99527100A17C22 /* mmhj */,
				4E1BB66D1C99527200A17C22 /* mmhjTests */,
				4E1BB6781C99527200A17C22 /* mmhjUITests */,
				4E1BB6521C99527100A17C22 /* Products */,
				F2368115CC222428DDA4F45F /* Pods */,
				ED866639B108E144F2271A62 /* Frameworks */,
			);
			sourceTree = "<group>";
		};
		4E1BB6521C99527100A17C22 /* Products */ = {
			isa = PBXGroup;
			children = (
				4E1BB6511C99527100A17C22 /* mmhj.app */,
				4E1BB66A1C99527200A17C22 /* mmhjTests.xctest */,
				4E1BB6751C99527200A17C22 /* mmhjUITests.xctest */,
			);
			name = Products;
			sourceTree = "<group>";
		};
		4E1BB6531C99527100A17C22 /* mmhj */ = {
			isa = PBXGroup;
			children = (
				4E2BF2821C9A898A002ED89B /* part1 */,
				4E2BF2831C9A898A002ED89B /* part2 */,
				4E2BF2841C9A898A002ED89B /* part3 */,
				4E2BF2851C9A898A002ED89B /* part4 */,
				4E2BF2371C9A53BF002ED89B /* Base */,
				4E1BB6571C99527100A17C22 /* AppDelegate.h */,
				4E1BB6581C99527100A17C22 /* AppDelegate.m */,
				4E1BB65A1C99527100A17C22 /* ViewController.h */,
				4E1BB65B1C99527100A17C22 /* ViewController.m */,
				4E1BB65D1C99527100A17C22 /* Main.storyboard */,
				4E1BB6601C99527100A17C22 /* Assets.xcassets */,
				4E1BB6621C99527100A17C22 /* LaunchScreen.storyboard */,
				4E1BB6651C99527100A17C22 /* Info.plist */,
				4E1BB6541C99527100A17C22 /* Supporting Files */,
			);
			path = mmhj;
			sourceTree = "<group>";
		};
		4E1BB6541C99527100A17C22 /* Supporting Files */ = {
			isa = PBXGroup;
			children = (
				4E2BF2921C9AADA1002ED89B /* Resource */,
				4E1BB6551C99527100A17C22 /* main.m */,
				4E2BF2761C9A7634002ED89B /* mmhj.pch */,
			);
			name = "Supporting Files";
			sourceTree = "<group>";
		};
		4E1BB66D1C99527200A17C22 /* mmhjTests */ = {
			isa = PBXGroup;
			children = (
				4E1BB66E1C99527200A17C22 /* mmhjTests.m */,
				4E1BB6701C99527200A17C22 /* Info.plist */,
			);
			path = mmhjTests;
			sourceTree = "<group>";
		};
		4E1BB6781C99527200A17C22 /* mmhjUITests */ = {
			isa = PBXGroup;
			children = (
				4E1BB6791C99527200A17C22 /* mmhjUITests.m */,
				4E1BB67B1C99527200A17C22 /* Info.plist */,
			);
			path = mmhjUITests;
			sourceTree = "<group>";
		};
		4E2BF2371C9A53BF002ED89B /* Base */ = {
			isa = PBXGroup;
			children = (
				4E2BF2801C9A88D5002ED89B /* Common */,
				4E2BF27B1C9A870D002ED89B /* YCUIKit */,
				4E2BF26A1C9A5AF3002ED89B /* Category */,
				4E2BF2381C9A53E9002ED89B /* Network.h */,
				4E2BF2391C9A53E9002ED89B /* Network.m */,
				4E2BF2691C9A59D6002ED89B /* NSLogDefine.h */,
				4E2BF2751C9A75ED002ED89B /* Base.h */,
				4E2BF2891C9A8A55002ED89B /* BaseViewController.h */,
				4E2BF28A1C9A8A55002ED89B /* BaseViewController.m */,
			);
			path = Base;
			sourceTree = "<group>";
		};
		4E2BF26A1C9A5AF3002ED89B /* Category */ = {
			isa = PBXGroup;
			children = (
				4E2BF2771C9A8433002ED89B /* NSArray */,
				4E2BF26C1C9A5B76002ED89B /* NSDictionary */,
				4E2BF26B1C9A5B4A002ED89B /* Category.h */,
			);
			path = Category;
			sourceTree = "<group>";
		};
		4E2BF26C1C9A5B76002ED89B /* NSDictionary */ = {
			isa = PBXGroup;
			children = (
				4E2BF2721C9A5C2D002ED89B /* NSDictionary+YC.h */,
				4E2BF2731C9A5C2D002ED89B /* NSDictionary+YC.m */,
			);
			path = NSDictionary;
			sourceTree = "<group>";
		};
		4E2BF2771C9A8433002ED89B /* NSArray */ = {
			isa = PBXGroup;
			children = (
				4E2BF2781C9A8448002ED89B /* NSArray+YC.h */,
				4E2BF2791C9A8448002ED89B /* NSArray+YC.m */,
			);
			path = NSArray;
			sourceTree = "<group>";
		};
		4E2BF27B1C9A870D002ED89B /* YCUIKit */ = {
			isa = PBXGroup;
			children = (
				4E2BF27C1C9A8721002ED89B /* Banner */,
			);
			path = YCUIKit;
			sourceTree = "<group>";
		};
		4E2BF27C1C9A8721002ED89B /* Banner */ = {
			isa = PBXGroup;
			children = (
				4E2BF27D1C9A8734002ED89B /* Banner.h */,
				4E2BF27E1C9A8734002ED89B /* Banner.m */,
			);
			path = Banner;
			sourceTree = "<group>";
		};
		4E2BF2801C9A88D5002ED89B /* Common */ = {
			isa = PBXGroup;
			children = (
				4E2BF2811C9A88E4002ED89B /* Common.h */,
			);
			path = Common;
			sourceTree = "<group>";
		};
		4E2BF2821C9A898A002ED89B /* part1 */ = {
			isa = PBXGroup;
			children = (
				4E2BF2861C9A89B6002ED89B /* HomeVC.h */,
				4E2BF2871C9A89B6002ED89B /* HomeVC.m */,
				4E2BF28F1C9AAAB6002ED89B /* TempViewController.h */,
				4E2BF2901C9AAAB6002ED89B /* TempViewController.m */,
			);
			path = part1;
			sourceTree = "<group>";
		};
		4E2BF2831C9A898A002ED89B /* part2 */ = {
			isa = PBXGroup;
			children = (
			);
			path = part2;
			sourceTree = "<group>";
		};
		4E2BF2841C9A898A002ED89B /* part3 */ = {
			isa = PBXGroup;
			children = (
			);
			path = part3;
			sourceTree = "<group>";
		};
		4E2BF2851C9A898A002ED89B /* part4 */ = {
			isa = PBXGroup;
			children = (
			);
			path = part4;
			sourceTree = "<group>";
		};
		4E2BF2921C9AADA1002ED89B /* Resource */ = {
			isa = PBXGroup;
			children = (
				4E2BF2931C9AADB3002ED89B /* ad.png */,
				4E2BF2941C9AADB3002ED89B /* btn1.png */,
				4E2BF2951C9AADB3002ED89B /* btn2.png */,
				4E2BF2961C9AADB3002ED89B /* btn3.png */,
				4E2BF2971C9AADB3002ED89B /* btn4.png */,
				4E2BF2981C9AADB3002ED89B /* calll.png */,
				4E2BF2991C9AADB3002ED89B /* cart.png */,
				4E2BF29A1C9AADB3002ED89B /* co.png */,
				4E2BF29B1C9AADB3002ED89B /* details_return_btn.png */,
				4E2BF29C1C9AADB3002ED89B /* discount_activity.png */,
				4E2BF29D1C9AADB3002ED89B /* enter.png */,
				4E2BF29E1C9AADB3002ED89B /* file.png */,
				4E2BF29F1C9AADB3002ED89B /* fuli.png */,
				4E2BF2A01C9AADB3002ED89B /* help.png */,
				4E2BF2A11C9AADB3002ED89B /* ic_launcher.png */,
				4E2BF2A21C9AADB3002ED89B /* img1.png */,
				4E2BF2A31C9AADB3002ED89B /* img2.png */,
				4E2BF2A41C9AADB3002ED89B /* img3.png */,
				4E2BF2A51C9AADB3002ED89B /* img4.png */,
				4E2BF2A61C9AADB3002ED89B /* img5.png */,
				4E2BF2A71C9AADB3002ED89B /* img6.png */,
				4E2BF2A81C9AADB3002ED89B /* li.png */,
				4E2BF2A91C9AADB3002ED89B /* lo.png */,
				4E2BF2AA1C9AADB3002ED89B /* m.png */,
				4E2BF2AB1C9AADB3002ED89B /* main.png */,
				4E2BF2AC1C9AADB3002ED89B /* msg.png */,
				4E2BF2AD1C9AADB3002ED89B /* near_activity.png */,
				4E2BF2AE1C9AADB3002ED89B /* phone.png */,
				4E2BF2AF1C9AADB3002ED89B /* quickly_buy.png */,
				4E2BF2B01C9AADB3002ED89B /* shared.png */,
				4E2BF2B11C9AADB3002ED89B /* shose.png */,
				4E2BF2B21C9AADB3002ED89B /* xie.png */,
			);
			path = Resource;
			sourceTree = "<group>";
		};
		ED866639B108E144F2271A62 /* Frameworks */ = {
			isa = PBXGroup;
			children = (
				9D3F74E2DE3B029965BCFB5C /* libPods.a */,
			);
			name = Frameworks;
			sourceTree = "<group>";
		};
		F2368115CC222428DDA4F45F /* Pods */ = {
			isa = PBXGroup;
			children = (
				7B9BDFE8AD9523546EA8E448 /* Pods.debug.xcconfig */,
				72BE9491133ABB1CE03625F9 /* Pods.release.xcconfig */,
			);
			name = Pods;
			sourceTree = "<group>";
		};
/* End PBXGroup section */

/* Begin PBXNativeTarget section */
		4E1BB6501C99527100A17C22 /* mmhj */ = {
			isa = PBXNativeTarget;
			buildConfigurationList = 4E1BB67E1C99527200A17C22 /* Build configuration list for PBXNativeTarget "mmhj" */;
			buildPhases = (
				76206E07E44FB78419C2A9BC /* Check Pods Manifest.lock */,
				4E1BB64D1C99527100A17C22 /* Sources */,
				4E1BB64E1C99527100A17C22 /* Frameworks */,
				4E1BB64F1C99527100A17C22 /* Resources */,
				5D6A1FB14B7AE07128840F32 /* Embed Pods Frameworks */,
				EF054E45B40D2F5E0226E2DB /* Copy Pods Resources */,
			);
			buildRules = (
			);
			dependencies = (
			);
			name = mmhj;
			productName = mmhj;
			productReference = 4E1BB6511C99527100A17C22 /* mmhj.app */;
			productType = "com.apple.product-type.application";
		};
		4E1BB6691C99527200A17C22 /* mmhjTests */ = {
			isa = PBXNativeTarget;
			buildConfigurationList = 4E1BB6811C99527200A17C22 /* Build configuration list for PBXNativeTarget "mmhjTests" */;
			buildPhases = (
				4E1BB6661C99527200A17C22 /* Sources */,
				4E1BB6671C99527200A17C22 /* Frameworks */,
				4E1BB6681C99527200A17C22 /* Resources */,
			);
			buildRules = (
			);
			dependencies = (
				4E1BB66C1C99527200A17C22 /* PBXTargetDependency */,
			);
			name = mmhjTests;
			productName = mmhjTests;
			productReference = 4E1BB66A1C99527200A17C22 /* mmhjTests.xctest */;
			productType = "com.apple.product-type.bundle.unit-test";
		};
		4E1BB6741C99527200A17C22 /* mmhjUITests */ = {
			isa = PBXNativeTarget;
			buildConfigurationList = 4E1BB6841C99527200A17C22 /* Build configuration list for PBXNativeTarget "mmhjUITests" */;
			buildPhases = (
				4E1BB6711C99527200A17C22 /* Sources */,
				4E1BB6721C99527200A17C22 /* Frameworks */,
				4E1BB6731C99527200A17C22 /* Resources */,
			);
			buildRules = (
			);
			dependencies = (
				4E1BB6771C99527200A17C22 /* PBXTargetDependency */,
			);
			name = mmhjUITests;
			productName = mmhjUITests;
			productReference = 4E1BB6751C99527200A17C22 /* mmhjUITests.xctest */;
			productType = "com.apple.product-type.bundle.ui-testing";
		};
/* End PBXNativeTarget section */

/* Begin PBXProject section */
		4E1BB6491C99527000A17C22 /* Project object */ = {
			isa = PBXProject;
			attributes = {
				LastUpgradeCheck = 0720;
				ORGANIZATIONNAME = "cheng yin";
				TargetAttributes = {
					4E1BB6501C99527100A17C22 = {
						CreatedOnToolsVersion = 7.2.1;
						DevelopmentTeam = WY5KMYK455;
					};
					4E1BB6691C99527200A17C22 = {
						CreatedOnToolsVersion = 7.2.1;
						DevelopmentTeam = WY5KMYK455;
						TestTargetID = 4E1BB6501C99527100A17C22;
					};
					4E1BB6741C99527200A17C22 = {
						CreatedOnToolsVersion = 7.2.1;
						DevelopmentTeam = WY5KMYK455;
						TestTargetID = 4E1BB6501C99527100A17C22;
					};
				};
			};
			buildConfigurationList = 4E1BB64C1C99527000A17C22 /* Build configuration list for PBXProject "mmhj" */;
			compatibilityVersion = "Xcode 3.2";
			developmentRegion = English;
			hasScannedForEncodings = 0;
			knownRegions = (
				en,
				Base,
			);
			mainGroup = 4E1BB6481C99527000A17C22;
			productRefGroup = 4E1BB6521C99527100A17C22 /* Products */;
			projectDirPath = "";
			projectRoot = "";
			targets = (
				4E1BB6501C99527100A17C22 /* mmhj */,
				4E1BB6691C99527200A17C22 /* mmhjTests */,
				4E1BB6741C99527200A17C22 /* mmhjUITests */,
			);
		};
/* End PBXProject section */

/* Begin PBXResourcesBuildPhase section */
		4E1BB64F1C99527100A17C22 /* Resources */ = {
			isa = PBXResourcesBuildPhase;
			buildActionMask = 2147483647;
			files = (
				4E2BF2CA1C9AADB3002ED89B /* m.png in Resources */,
				4E2BF2C91C9AADB3002ED89B /* lo.png in Resources */,
				4E2BF2D11C9AADB3002ED89B /* shose.png in Resources */,
				4E2BF2C81C9AADB3002ED89B /* li.png in Resources */,
				4E2BF2CC1C9AADB3002ED89B /* msg.png in Resources */,
				4E1BB6641C99527100A17C22 /* LaunchScreen.storyboard in Resources */,
				4E2BF2D01C9AADB3002ED89B /* shared.png in Resources */,
				4E2BF2C11C9AADB3002ED89B /* ic_launcher.png in Resources */,
				4E2BF2B91C9AADB3002ED89B /* cart.png in Resources */,
				4E2BF2B41C9AADB3002ED89B /* btn1.png in Resources */,
				4E2BF2BC1C9AADB3002ED89B /* discount_activity.png in Resources */,
				4E2BF2CB1C9AADB3002ED89B /* main.png in Resources */,
				4E1BB6611C99527100A17C22 /* Assets.xcassets in Resources */,
				4E2BF2C31C9AADB3002ED89B /* img2.png in Resources */,
				4E2BF2B71C9AADB3002ED89B /* btn4.png in Resources */,
				4E2BF2D21C9AADB3002ED89B /* xie.png in Resources */,
				4E2BF2BD1C9AADB3002ED89B /* enter.png in Resources */,
				4E2BF2B61C9AADB3002ED89B /* btn3.png in Resources */,
				4E2BF2C61C9AADB3002ED89B /* img5.png in Resources */,
				4E2BF2BA1C9AADB3002ED89B /* co.png in Resources */,
				4E2BF2B31C9AADB3002ED89B /* ad.png in Resources */,
				4E2BF2CD1C9AADB3002ED89B /* near_activity.png in Resources */,
				4E2BF2CF1C9AADB3002ED89B /* quickly_buy.png in Resources */,
				4E2BF2C51C9AADB3002ED89B /* img4.png in Resources */,
				4E2BF2C71C9AADB3002ED89B /* img6.png in Resources */,
				4E2BF2CE1C9AADB3002ED89B /* phone.png in Resources */,
				4E1BB65F1C99527100A17C22 /* Main.storyboard in Resources */,
				4E2BF2C21C9AADB3002ED89B /* img1.png in Resources */,
				4E2BF2C01C9AADB3002ED89B /* help.png in Resources */,
				4E2BF2BF1C9AADB3002ED89B /* fuli.png in Resources */,
				4E2BF2BE1C9AADB3002ED89B /* file.png in Resources */,
				4E2BF2C41C9AADB3002ED89B /* img3.png in Resources */,
				4E2BF2BB1C9AADB3002ED89B /* details_return_btn.png in Resources */,
				4E2BF2B81C9AADB3002ED89B /* calll.png in Resources */,
				4E2BF2B51C9AADB3002ED89B /* btn2.png in Resources */,
			);
			runOnlyForDeploymentPostprocessing = 0;
		};
		4E1BB6681C99527200A17C22 /* Resources */ = {
			isa = PBXResourcesBuildPhase;
			buildActionMask = 2147483647;
			files = (
			);
			runOnlyForDeploymentPostprocessing = 0;
		};
		4E1BB6731C99527200A17C22 /* Resources */ = {
			isa = PBXResourcesBuildPhase;
			buildActionMask = 2147483647;
			files = (
			);
			runOnlyForDeploymentPostprocessing = 0;
		};
/* End PBXResourcesBuildPhase section */

/* Begin PBXShellScriptBuildPhase section */
		5D6A1FB14B7AE07128840F32 /* Embed Pods Frameworks */ = {
			isa = PBXShellScriptBuildPhase;
			buildActionMask = 2147483647;
			files = (
			);
			inputPaths = (
			);
			name = "Embed Pods Frameworks";
			outputPaths = (
			);
			runOnlyForDeploymentPostprocessing = 0;
			shellPath = /bin/sh;
			shellScript = "\"${SRCROOT}/Pods/Target Support Files/Pods/Pods-frameworks.sh\"\n";
			showEnvVarsInLog = 0;
		};
		76206E07E44FB78419C2A9BC /* Check Pods Manifest.lock */ = {
			isa = PBXShellScriptBuildPhase;
			buildActionMask = 2147483647;
			files = (
			);
			inputPaths = (
			);
			name = "Check Pods Manifest.lock";
			outputPaths = (
			);
			runOnlyForDeploymentPostprocessing = 0;
			shellPath = /bin/sh;
			shellScript = "diff \"${PODS_ROOT}/../Podfile.lock\" \"${PODS_ROOT}/Manifest.lock\" > /dev/null\nif [[ $? != 0 ]] ; then\n    cat << EOM\nerror: The sandbox is not in sync with the Podfile.lock. Run 'pod install' or update your CocoaPods installation.\nEOM\n    exit 1\nfi\n";
			showEnvVarsInLog = 0;
		};
		EF054E45B40D2F5E0226E2DB /* Copy Pods Resources */ = {
			isa = PBXShellScriptBuildPhase;
			buildActionMask = 2147483647;
			files = (
			);
			inputPaths = (
			);
			name = "Copy Pods Resources";
			outputPaths = (
			);
			runOnlyForDeploymentPostprocessing = 0;
			shellPath = /bin/sh;
			shellScript = "\"${SRCROOT}/Pods/Target Support Files/Pods/Pods-resources.sh\"\n";
			showEnvVarsInLog = 0;
		};
/* End PBXShellScriptBuildPhase section */

/* Begin PBXSourcesBuildPhase section */
		4E1BB64D1C99527100A17C22 /* Sources */ = {
			isa = PBXSourcesBuildPhase;
			buildActionMask = 2147483647;
			files = (
				4E2BF2741C9A5C2D002ED89B /* NSDictionary+YC.m in Sources */,
				4E2BF28B1C9A8A55002ED89B /* BaseViewController.m in Sources */,
				4E1BB65C1C99527100A17C22 /* ViewController.m in Sources */,
				4E1BB6591C99527100A17C22 /* AppDelegate.m in Sources */,
				4E2BF27F1C9A8734002ED89B /* Banner.m in Sources */,
				4E2BF23A1C9A53E9002ED89B /* Network.m in Sources */,
				4E2BF2911C9AAAB6002ED89B /* TempViewController.m in Sources */,
				4E2BF2881C9A89B6002ED89B /* HomeVC.m in Sources */,
				4E2BF27A1C9A8448002ED89B /* NSArray+YC.m in Sources */,
				4E1BB6561C99527100A17C22 /* main.m in Sources */,
			);
			runOnlyForDeploymentPostprocessing = 0;
		};
		4E1BB6661C99527200A17C22 /* Sources */ = {
			isa = PBXSourcesBuildPhase;
			buildActionMask = 2147483647;
			files = (
				4E1BB66F1C99527200A17C22 /* mmhjTests.m in Sources */,
			);
			runOnlyForDeploymentPostprocessing = 0;
		};
		4E1BB6711C99527200A17C22 /* Sources */ = {
			isa = PBXSourcesBuildPhase;
			buildActionMask = 2147483647;
			files = (
				4E1BB67A1C99527200A17C22 /* mmhjUITests.m in Sources */,
			);
			runOnlyForDeploymentPostprocessing = 0;
		};
/* End PBXSourcesBuildPhase section */

/* Begin PBXTargetDependency section */
		4E1BB66C1C99527200A17C22 /* PBXTargetDependency */ = {
			isa = PBXTargetDependency;
			target = 4E1BB6501C99527100A17C22 /* mmhj */;
			targetProxy = 4E1BB66B1C99527200A17C22 /* PBXContainerItemProxy */;
		};
		4E1BB6771C99527200A17C22 /* PBXTargetDependency */ = {
			isa = PBXTargetDependency;
			target = 4E1BB6501C99527100A17C22 /* mmhj */;
			targetProxy = 4E1BB6761C99527200A17C22 /* PBXContainerItemProxy */;
		};
/* End PBXTargetDependency section */

/* Begin PBXVariantGroup section */
		4E1BB65D1C99527100A17C22 /* Main.storyboard */ = {
			isa = PBXVariantGroup;
			children = (
				4E1BB65E1C99527100A17C22 /* Base */,
			);
			name = Main.storyboard;
			sourceTree = "<group>";
		};
		4E1BB6621C99527100A17C22 /* LaunchScreen.storyboard */ = {
			isa = PBXVariantGroup;
			children = (
				4E1BB6631C99527100A17C22 /* Base */,
			);
			name = LaunchScreen.storyboard;
			sourceTree = "<group>";
		};
/* End PBXVariantGroup section */

/* Begin XCBuildConfiguration section */
		4E1BB67C1C99527200A17C22 /* Debug */ = {
			isa = XCBuildConfiguration;
			buildSettings = {
				ALWAYS_SEARCH_USER_PATHS = NO;
				CLANG_CXX_LANGUAGE_STANDARD = "gnu++0x";
				CLANG_CXX_LIBRARY = "libc++";
				CLANG_ENABLE_MODULES = YES;
				CLANG_ENABLE_OBJC_ARC = YES;
				CLANG_WARN_BOOL_CONVERSION = YES;
				CLANG_WARN_CONSTANT_CONVERSION = YES;
				CLANG_WARN_DIRECT_OBJC_ISA_USAGE = YES_ERROR;
				CLANG_WARN_EMPTY_BODY = YES;
				CLANG_WARN_ENUM_CONVERSION = YES;
				CLANG_WARN_INT_CONVERSION = YES;
				CLANG_WARN_OBJC_ROOT_CLASS = YES_ERROR;
				CLANG_WARN_UNREACHABLE_CODE = YES;
				CLANG_WARN__DUPLICATE_METHOD_MATCH = YES;
				"CODE_SIGN_IDENTITY[sdk=iphoneos*]" = "iPhone Developer";
				COPY_PHASE_STRIP = NO;
				DEBUG_INFORMATION_FORMAT = dwarf;
				ENABLE_STRICT_OBJC_MSGSEND = YES;
				ENABLE_TESTABILITY = YES;
				GCC_C_LANGUAGE_STANDARD = gnu99;
				GCC_DYNAMIC_NO_PIC = NO;
				GCC_NO_COMMON_BLOCKS = YES;
				GCC_OPTIMIZATION_LEVEL = 0;
				GCC_PRECOMPILE_PREFIX_HEADER = YES;
				GCC_PREFIX_HEADER = "$(SRCROOT)/mmhj/mmhj.pch";
				GCC_PREPROCESSOR_DEFINITIONS = (
					"DEBUG=1",
					"$(inherited)",
				);
				GCC_WARN_64_TO_32_BIT_CONVERSION = YES;
				GCC_WARN_ABOUT_RETURN_TYPE = YES_ERROR;
				GCC_WARN_UNDECLARED_SELECTOR = YES;
				GCC_WARN_UNINITIALIZED_AUTOS = YES_AGGRESSIVE;
				GCC_WARN_UNUSED_FUNCTION = YES;
				GCC_WARN_UNUSED_VARIABLE = YES;
				IPHONEOS_DEPLOYMENT_TARGET = 8.1;
				MTL_ENABLE_DEBUG_INFO = YES;
				ONLY_ACTIVE_ARCH = YES;
				SDKROOT = iphoneos;
			};
			name = Debug;
		};
		4E1BB67D1C99527200A17C22 /* Release */ = {
			isa = XCBuildConfiguration;
			buildSettings = {
				ALWAYS_SEARCH_USER_PATHS = NO;
				CLANG_CXX_LANGUAGE_STANDARD = "gnu++0x";
				CLANG_CXX_LIBRARY = "libc++";
				CLANG_ENABLE_MODULES = YES;
				CLANG_ENABLE_OBJC_ARC = YES;
				CLANG_WARN_BOOL_CONVERSION = YES;
				CLANG_WARN_CONSTANT_CONVERSION = YES;
				CLANG_WARN_DIRECT_OBJC_ISA_USAGE = YES_ERROR;
				CLANG_WARN_EMPTY_BODY = YES;
				CLANG_WARN_ENUM_CONVERSION = YES;
				CLANG_WARN_INT_CONVERSION = YES;
				CLANG_WARN_OBJC_ROOT_CLASS = YES_ERROR;
				CLANG_WARN_UNREACHABLE_CODE = YES;
				CLANG_WARN__DUPLICATE_METHOD_MATCH = YES;
				"CODE_SIGN_IDENTITY[sdk=iphoneos*]" = "iPhone Developer";
				COPY_PHASE_STRIP = NO;
				DEBUG_INFORMATION_FORMAT = "dwarf-with-dsym";
				ENABLE_NS_ASSERTIONS = NO;
				ENABLE_STRICT_OBJC_MSGSEND = YES;
				GCC_C_LANGUAGE_STANDARD = gnu99;
				GCC_NO_COMMON_BLOCKS = YES;
				GCC_PRECOMPILE_PREFIX_HEADER = YES;
				GCC_PREFIX_HEADER = "$(SRCROOT)/mmhj/mmhj.pch";
				GCC_WARN_64_TO_32_BIT_CONVERSION = YES;
				GCC_WARN_ABOUT_RETURN_TYPE = YES_ERROR;
				GCC_WARN_UNDECLARED_SELECTOR = YES;
				GCC_WARN_UNINITIALIZED_AUTOS = YES_AGGRESSIVE;
				GCC_WARN_UNUSED_FUNCTION = YES;
				GCC_WARN_UNUSED_VARIABLE = YES;
				IPHONEOS_DEPLOYMENT_TARGET = 8.1;
				MTL_ENABLE_DEBUG_INFO = NO;
				SDKROOT = iphoneos;
				VALIDATE_PRODUCT = YES;
			};
			name = Release;
		};
		4E1BB67F1C99527200A17C22 /* Debug */ = {
			isa = XCBuildConfiguration;
			baseConfigurationReference = 7B9BDFE8AD9523546EA8E448 /* Pods.debug.xcconfig */;
			buildSettings = {
				ASSETCATALOG_COMPILER_APPICON_NAME = AppIcon;
				ENABLE_BITCODE = NO;
				INFOPLIST_FILE = mmhj/Info.plist;
				LD_RUNPATH_SEARCH_PATHS = "$(inherited) @executable_path/Frameworks";
				PRODUCT_BUNDLE_IDENTIFIER = yc.mmhj;
				PRODUCT_NAME = "$(TARGET_NAME)";
			};
			name = Debug;
		};
		4E1BB6801C99527200A17C22 /* Release */ = {
			isa = XCBuildConfiguration;
			baseConfigurationReference = 72BE9491133ABB1CE03625F9 /* Pods.release.xcconfig */;
			buildSettings = {
				ASSETCATALOG_COMPILER_APPICON_NAME = AppIcon;
				ENABLE_BITCODE = NO;
				INFOPLIST_FILE = mmhj/Info.plist;
				LD_RUNPATH_SEARCH_PATHS = "$(inherited) @executable_path/Frameworks";
				PRODUCT_BUNDLE_IDENTIFIER = yc.mmhj;
				PRODUCT_NAME = "$(TARGET_NAME)";
			};
			name = Release;
		};
		4E1BB6821C99527200A17C22 /* Debug */ = {
			isa = XCBuildConfiguration;
			buildSettings = {
				BUNDLE_LOADER = "$(TEST_HOST)";
				INFOPLIST_FILE = mmhjTests/Info.plist;
				LD_RUNPATH_SEARCH_PATHS = "$(inherited) @executable_path/Frameworks @loader_path/Frameworks";
				PRODUCT_BUNDLE_IDENTIFIER = yc.mmhjTests;
				PRODUCT_NAME = "$(TARGET_NAME)";
				TEST_HOST = "$(BUILT_PRODUCTS_DIR)/mmhj.app/mmhj";
			};
			name = Debug;
		};
		4E1BB6831C99527200A17C22 /* Release */ = {
			isa = XCBuildConfiguration;
			buildSettings = {
				BUNDLE_LOADER = "$(TEST_HOST)";
				INFOPLIST_FILE = mmhjTests/Info.plist;
				LD_RUNPATH_SEARCH_PATHS = "$(inherited) @executable_path/Frameworks @loader_path/Frameworks";
				PRODUCT_BUNDLE_IDENTIFIER = yc.mmhjTests;
				PRODUCT_NAME = "$(TARGET_NAME)";
				TEST_HOST = "$(BUILT_PRODUCTS_DIR)/mmhj.app/mmhj";
			};
			name = Release;
		};
		4E1BB6851C99527200A17C22 /* Debug */ = {
			isa = XCBuildConfiguration;
			buildSettings = {
				INFOPLIST_FILE = mmhjUITests/Info.plist;
				LD_RUNPATH_SEARCH_PATHS = "$(inherited) @executable_path/Frameworks @loader_path/Frameworks";
				PRODUCT_BUNDLE_IDENTIFIER = yc.mmhjUITests;
				PRODUCT_NAME = "$(TARGET_NAME)";
				TEST_TARGET_NAME = mmhj;
				USES_XCTRUNNER = YES;
			};
			name = Debug;
		};
		4E1BB6861C99527200A17C22 /* Release */ = {
			isa = XCBuildConfiguration;
			buildSettings = {
				INFOPLIST_FILE = mmhjUITests/Info.plist;
				LD_RUNPATH_SEARCH_PATHS = "$(inherited) @executable_path/Frameworks @loader_path/Frameworks";
				PRODUCT_BUNDLE_IDENTIFIER = yc.mmhjUITests;
				PRODUCT_NAME = "$(TARGET_NAME)";
				TEST_TARGET_NAME = mmhj;
				USES_XCTRUNNER = YES;
			};
			name = Release;
		};
/* End XCBuildConfiguration section */

/* Begin XCConfigurationList section */
		4E1BB64C1C99527000A17C22 /* Build configuration list for PBXProject "mmhj" */ = {
			isa = XCConfigurationList;
			buildConfigurations = (
				4E1BB67C1C99527200A17C22 /* Debug */,
				4E1BB67D1C99527200A17C22 /* Release */,
			);
			defaultConfigurationIsVisible = 0;
			defaultConfigurationName = Release;
		};
		4E1BB67E1C99527200A17C22 /* Build configuration list for PBXNativeTarget "mmhj" */ = {
			isa = XCConfigurationList;
			buildConfigurations = (
				4E1BB67F1C99527200A17C22 /* Debug */,
				4E1BB6801C99527200A17C22 /* Release */,
			);
			defaultConfigurationIsVisible = 0;
			defaultConfigurationName = Release;
		};
		4E1BB6811C99527200A17C22 /* Build configuration list for PBXNativeTarget "mmhjTests" */ = {
			isa = XCConfigurationList;
			buildConfigurations = (
				4E1BB6821C99527200A17C22 /* Debug */,
				4E1BB6831C99527200A17C22 /* Release */,
			);
			defaultConfigurationIsVisible = 0;
			defaultConfigurationName = Release;
		};
		4E1BB6841C99527200A17C22 /* Build configuration list for PBXNativeTarget "mmhjUITests" */ = {
			isa = XCConfigurationList;
			buildConfigurations = (
				4E1BB6851C99527200A17C22 /* Debug */,
				4E1BB6861C99527200A17C22 /* Release */,
			);
			defaultConfigurationIsVisible = 0;
			defaultConfigurationName = Release;
		};
/* End XCConfigurationList section */
	};
	rootObject = 4E1BB6491C99527000A17C22 /* Project object */;
}
