// !$*UTF8*$!
{
	archiveVersion = 1;
	classes = {
	};
	objectVersion = 46;
	objects = {

/* Begin PBXBuildFile section */
		4E1BB6561C99527100A17C22 /* main.m in Sources */ = {isa = PBXBuildFile; fileRef = 4E1BB6551C99527100A17C22 /* main.m */; };
		4E1BB6591C99527100A17C22 /* AppDelegate.m in Sources */ = {isa = PBXBuildFile; fileRef = 4E1BB6581C99527100A17C22 /* AppDelegate.m */; };
		4E1BB65C1C99527100A17C22 /* ViewController.m in Sources */ = {isa = PBXBuildFile; fileRef = 4E1BB65B1C99527100A17C22 /* ViewController.m */; };
		4E1BB65F1C99527100A17C22 /* Main.storyboard in Resources */ = {isa = PBXBuildFile; fileRef = 4E1BB65D1C99527100A17C22 /* Main.storyboard */; };
		4E1BB6611C99527100A17C22 /* Assets.xcassets in Resources */ = {isa = PBXBuildFile; fileRef = 4E1BB6601C99527100A17C22 /* Assets.xcassets */; };
		4E1BB6641C99527100A17C22 /* LaunchScreen.storyboard in Resources */ = {isa = PBXBuildFile; fileRef = 4E1BB6621C99527100A17C22 /* LaunchScreen.storyboard */; };
		4E1BB66F1C99527200A17C22 /* mmhjTests.m in Sources */ = {isa = PBXBuildFile; fileRef = 4E1BB66E1C99527200A17C22 /* mmhjTests.m */; };
		4E1BB67A1C99527200A17C22 /* mmhjUITests.m in Sources */ = {isa = PBXBuildFile; fileRef = 4E1BB6791C99527200A17C22 /* mmhjUITests.m */; };
/* End PBXBuildFile section */

/* Begin PBXContainerItemProxy section */
		4E1BB66B1C99527200A17C22 /* PBXContainerItemProxy */ = {
			isa = PBXContainerItemProxy;
			containerPortal = 4E1BB6491C99527000A17C22 /* Project object */;
			proxyType = 1;
			remoteGlobalIDString = 4E1BB6501C99527100A17C22;
			remoteInfo = mmhj;
		};
		4E1BB6761C99527200A17C22 /* PBXContainerItemProxy */ = {
			isa = PBXContainerItemProxy;
			containerPortal = 4E1BB6491C99527000A17C22 /* Project object */;
			proxyType = 1;
			remoteGlobalIDString = 4E1BB6501C99527100A17C22;
			remoteInfo = mmhj;
		};
/* End PBXContainerItemProxy section */

/* Begin PBXFileReference section */
		4E1BB6511C99527100A17C22 /* mmhj.app */ = {isa = PBXFileReference; explicitFileType = wrapper.application; includeInIndex = 0; path = mmhj.app; sourceTree = BUILT_PRODUCTS_DIR; };
		4E1BB6551C99527100A17C22 /* main.m */ = {isa = PBXFileReference; lastKnownFileType = sourcecode.c.objc; path = main.m; sourceTree = "<group>"; };
		4E1BB6571C99527100A17C22 /* AppDelegate.h */ = {isa = PBXFileReference; lastKnownFileType = sourcecode.c.h; path = AppDelegate.h; sourceTree = "<group>"; };
		4E1BB6581C99527100A17C22 /* AppDelegate.m */ = {isa = PBXFileReference; lastKnownFileType = sourcecode.c.objc; path = AppDelegate.m; sourceTree = "<group>"; };
		4E1BB65A1C99527100A17C22 /* ViewController.h */ = {isa = PBXFileReference; lastKnownFileType = sourcecode.c.h; path = ViewController.h; sourceTree = "<group>"; };
		4E1BB65B1C99527100A17C22 /* ViewController.m */ = {isa = PBXFileReference; lastKnownFileType = sourcecode.c.objc; path = ViewController.m; sourceTree = "<group>"; };
		4E1BB65E1C99527100A17C22 /* Base */ = {isa = PBXFileReference; lastKnownFileType = file.storyboard; name = Base; path = Base.lproj/Main.storyboard; sourceTree = "<group>"; };
		4E1BB6601C99527100A17C22 /* Assets.xcassets */ = {isa = PBXFileReference; lastKnownFileType = folder.assetcatalog; path = Assets.xcassets; sourceTree = "<group>"; };
		4E1BB6631C99527100A17C22 /* Base */ = {isa = PBXFileReference; lastKnownFileType = file.storyboard; name = Base; path = Base.lproj/LaunchScreen.storyboard; sourceTree = "<group>"; };
		4E1BB6651C99527100A17C22 /* Info.plist */ = {isa = PBXFileReference; lastKnownFileType = text.plist.xml; path = Info.plist; sourceTree = "<group>"; };
		4E1BB66A1C99527200A17C22 /* mmhjTests.xctest */ = {isa = PBXFileReference; explicitFileType = wrapper.cfbundle; includeInIndex = 0; path = mmhjTests.xctest; sourceTree = BUILT_PRODUCTS_DIR; };
		4E1BB66E1C99527200A17C22 /* mmhjTests.m */ = {isa = PBXFileReference; lastKnownFileType = sourcecode.c.objc; path = mmhjTests.m; sourceTree = "<group>"; };
		4E1BB6701C99527200A17C22 /* Info.plist */ = {isa = PBXFileReference; lastKnownFileType = text.plist.xml; path = Info.plist; sourceTree = "<group>"; };
		4E1BB6751C99527200A17C22 /* mmhjUITests.xctest */ = {isa = PBXFileReference; explicitFileType = wrapper.cfbundle; includeInIndex = 0; path = mmhjUITests.xctest; sourceTree = BUILT_PRODUCTS_DIR; };
		4E1BB6791C99527200A17C22 /* mmhjUITests.m */ = {isa = PBXFileReference; lastKnownFileType = sourcecode.c.objc; path = mmhjUITests.m; sourceTree = "<group>"; };
		4E1BB67B1C99527200A17C22 /* Info.plist */ = {isa = PBXFileReference; lastKnownFileType = text.plist.xml; path = Info.plist; sourceTree = "<group>"; };
/* End PBXFileReference section */

/* Begin PBXFrameworksBuildPhase section */
		4E1BB64E1C99527100A17C22 /* Frameworks */ = {
			isa = PBXFrameworksBuildPhase;
			buildActionMask = 2147483647;
			files = (
			);
			runOnlyForDeploymentPostprocessing = 0;
		};
		4E1BB6671C99527200A17C22 /* Frameworks */ = {
			isa = PBXFrameworksBuildPhase;
			buildActionMask = 2147483647;
			files = (
			);
			runOnlyForDeploymentPostprocessing = 0;
		};
		4E1BB6721C99527200A17C22 /* Frameworks */ = {
			isa = PBXFrameworksBuildPhase;
			buildActionMask = 2147483647;
			files = (
			);
			runOnlyForDeploymentPostprocessing = 0;
		};
/* End PBXFrameworksBuildPhase section */

/* Begin PBXGroup section */
		4E1BB6481C99527000A17C22 = {
			isa = PBXGroup;
			children = (
				4E1BB6531C99527100A17C22 /* mmhj */,
				4E1BB66D1C99527200A17C22 /* mmhjTests */,
				4E1BB6781C99527200A17C22 /* mmhjUITests */,
				4E1BB6521C99527100A17C22 /* Products */,
			);
			sourceTree = "<group>";
		};
		4E1BB6521C99527100A17C22 /* Products */ = {
			isa = PBXGroup;
			children = (
				4E1BB6511C99527100A17C22 /* mmhj.app */,
				4E1BB66A1C99527200A17C22 /* mmhjTests.xctest */,
				4E1BB6751C99527200A17C22 /* mmhjUITests.xctest */,
			);
			name = Products;
			sourceTree = "<group>";
		};
		4E1BB6531C99527100A17C22 /* mmhj */ = {
			isa = PBXGroup;
			children = (
				4E1BB6571C99527100A17C22 /* AppDelegate.h */,
				4E1BB6581C99527100A17C22 /* AppDelegate.m */,
				4E1BB65A1C99527100A17C22 /* ViewController.h */,
				4E1BB65B1C99527100A17C22 /* ViewController.m */,
				4E1BB65D1C99527100A17C22 /* Main.storyboard */,
				4E1BB6601C99527100A17C22 /* Assets.xcassets */,
				4E1BB6621C99527100A17C22 /* LaunchScreen.storyboard */,
				4E1BB6651C99527100A17C22 /* Info.plist */,
				4E1BB6541C99527100A17C22 /* Supporting Files */,
			);
			path = mmhj;
			sourceTree = "<group>";
		};
		4E1BB6541C99527100A17C22 /* Supporting Files */ = {
			isa = PBXGroup;
			children = (
				4E1BB6551C99527100A17C22 /* main.m */,
			);
			name = "Supporting Files";
			sourceTree = "<group>";
		};
		4E1BB66D1C99527200A17C22 /* mmhjTests */ = {
			isa = PBXGroup;
			children = (
				4E1BB66E1C99527200A17C22 /* mmhjTests.m */,
				4E1BB6701C99527200A17C22 /* Info.plist */,
			);
			path = mmhjTests;
			sourceTree = "<group>";
		};
		4E1BB6781C99527200A17C22 /* mmhjUITests */ = {
			isa = PBXGroup;
			children = (
				4E1BB6791C99527200A17C22 /* mmhjUITests.m */,
				4E1BB67B1C99527200A17C22 /* Info.plist */,
			);
			path = mmhjUITests;
			sourceTree = "<group>";
		};
/* End PBXGroup section */

/* Begin PBXNativeTarget section */
		4E1BB6501C99527100A17C22 /* mmhj */ = {
			isa = PBXNativeTarget;
			buildConfigurationList = 4E1BB67E1C99527200A17C22 /* Build configuration list for PBXNativeTarget "mmhj" */;
			buildPhases = (
				4E1BB64D1C99527100A17C22 /* Sources */,
				4E1BB64E1C99527100A17C22 /* Frameworks */,
				4E1BB64F1C99527100A17C22 /* Resources */,
			);
			buildRules = (
			);
			dependencies = (
			);
			name = mmhj;
			productName = mmhj;
			productReference = 4E1BB6511C99527100A17C22 /* mmhj.app */;
			productType = "com.apple.product-type.application";
		};
		4E1BB6691C99527200A17C22 /* mmhjTests */ = {
			isa = PBXNativeTarget;
			buildConfigurationList = 4E1BB6811C99527200A17C22 /* Build configuration list for PBXNativeTarget "mmhjTests" */;
			buildPhases = (
				4E1BB6661C99527200A17C22 /* Sources */,
				4E1BB6671C99527200A17C22 /* Frameworks */,
				4E1BB6681C99527200A17C22 /* Resources */,
			);
			buildRules = (
			);
			dependencies = (
				4E1BB66C1C99527200A17C22 /* PBXTargetDependency */,
			);
			name = mmhjTests;
			productName = mmhjTests;
			productReference = 4E1BB66A1C99527200A17C22 /* mmhjTests.xctest */;
			productType = "com.apple.product-type.bundle.unit-test";
		};
		4E1BB6741C99527200A17C22 /* mmhjUITests */ = {
			isa = PBXNativeTarget;
			buildConfigurationList = 4E1BB6841C99527200A17C22 /* Build configuration list for PBXNativeTarget "mmhjUITests" */;
			buildPhases = (
				4E1BB6711C99527200A17C22 /* Sources */,
				4E1BB6721C99527200A17C22 /* Frameworks */,
				4E1BB6731C99527200A17C22 /* Resources */,
			);
			buildRules = (
			);
			dependencies = (
				4E1BB6771C99527200A17C22 /* PBXTargetDependency */,
			);
			name = mmhjUITests;
			productName = mmhjUITests;
			productReference = 4E1BB6751C99527200A17C22 /* mmhjUITests.xctest */;
			productType = "com.apple.product-type.bundle.ui-testing";
		};
/* End PBXNativeTarget section */

/* Begin PBXProject section */
		4E1BB6491C99527000A17C22 /* Project object */ = {
			isa = PBXProject;
			attributes = {
				LastUpgradeCheck = 0720;
				ORGANIZATIONNAME = "cheng yin";
				TargetAttributes = {
					4E1BB6501C99527100A17C22 = {
						CreatedOnToolsVersion = 7.2.1;
						DevelopmentTeam = WY5KMYK455;
					};
					4E1BB6691C99527200A17C22 = {
						CreatedOnToolsVersion = 7.2.1;
						DevelopmentTeam = WY5KMYK455;
						TestTargetID = 4E1BB6501C99527100A17C22;
					};
					4E1BB6741C99527200A17C22 = {
						CreatedOnToolsVersion = 7.2.1;
						DevelopmentTeam = WY5KMYK455;
						TestTargetID = 4E1BB6501C99527100A17C22;
					};
				};
			};
			buildConfigurationList = 4E1BB64C1C99527000A17C22 /* Build configuration list for PBXProject "mmhj" */;
			compatibilityVersion = "Xcode 3.2";
			developmentRegion = English;
			hasScannedForEncodings = 0;
			knownRegions = (
				en,
				Base,
			);
			mainGroup = 4E1BB6481C99527000A17C22;
			productRefGroup = 4E1BB6521C99527100A17C22 /* Products */;
			projectDirPath = "";
			projectRoot = "";
			targets = (
				4E1BB6501C99527100A17C22 /* mmhj */,
				4E1BB6691C99527200A17C22 /* mmhjTests */,
				4E1BB6741C99527200A17C22 /* mmhjUITests */,
			);
		};
/* End PBXProject section */

/* Begin PBXResourcesBuildPhase section */
		4E1BB64F1C99527100A17C22 /* Resources */ = {
			isa = PBXResourcesBuildPhase;
			buildActionMask = 2147483647;
			files = (
				4E1BB6641C99527100A17C22 /* LaunchScreen.storyboard in Resources */,
				4E1BB6611C99527100A17C22 /* Assets.xcassets in Resources */,
				4E1BB65F1C99527100A17C22 /* Main.storyboard in Resources */,
			);
			runOnlyForDeploymentPostprocessing = 0;
		};
		4E1BB6681C99527200A17C22 /* Resources */ = {
			isa = PBXResourcesBuildPhase;
			buildActionMask = 2147483647;
			files = (
			);
			runOnlyForDeploymentPostprocessing = 0;
		};
		4E1BB6731C99527200A17C22 /* Resources */ = {
			isa = PBXResourcesBuildPhase;
			buildActionMask = 2147483647;
			files = (
			);
			runOnlyForDeploymentPostprocessing = 0;
		};
/* End PBXResourcesBuildPhase section */

/* Begin PBXSourcesBuildPhase section */
		4E1BB64D1C99527100A17C22 /* Sources */ = {
			isa = PBXSourcesBuildPhase;
			buildActionMask = 2147483647;
			files = (
				4E1BB65C1C99527100A17C22 /* ViewController.m in Sources */,
				4E1BB6591C99527100A17C22 /* AppDelegate.m in Sources */,
				4E1BB6561C99527100A17C22 /* main.m in Sources */,
			);
			runOnlyForDeploymentPostprocessing = 0;
		};
		4E1BB6661C99527200A17C22 /* Sources */ = {
			isa = PBXSourcesBuildPhase;
			buildActionMask = 2147483647;
			files = (
				4E1BB66F1C99527200A17C22 /* mmhjTests.m in Sources */,
			);
			runOnlyForDeploymentPostprocessing = 0;
		};
		4E1BB6711C99527200A17C22 /* Sources */ = {
			isa = PBXSourcesBuildPhase;
			buildActionMask = 2147483647;
			files = (
				4E1BB67A1C99527200A17C22 /* mmhjUITests.m in Sources */,
			);
			runOnlyForDeploymentPostprocessing = 0;
		};
/* End PBXSourcesBuildPhase section */

/* Begin PBXTargetDependency section */
		4E1BB66C1C99527200A17C22 /* PBXTargetDependency */ = {
			isa = PBXTargetDependency;
			target = 4E1BB6501C99527100A17C22 /* mmhj */;
			targetProxy = 4E1BB66B1C99527200A17C22 /* PBXContainerItemProxy */;
		};
		4E1BB6771C99527200A17C22 /* PBXTargetDependency */ = {
			isa = PBXTargetDependency;
			target = 4E1BB6501C99527100A17C22 /* mmhj */;
			targetProxy = 4E1BB6761C99527200A17C22 /* PBXContainerItemProxy */;
		};
/* End PBXTargetDependency section */

/* Begin PBXVariantGroup section */
		4E1BB65D1C99527100A17C22 /* Main.storyboard */ = {
			isa = PBXVariantGroup;
			children = (
				4E1BB65E1C99527100A17C22 /* Base */,
			);
			name = Main.storyboard;
			sourceTree = "<group>";
		};
		4E1BB6621C99527100A17C22 /* LaunchScreen.storyboard */ = {
			isa = PBXVariantGroup;
			children = (
				4E1BB6631C99527100A17C22 /* Base */,
			);
			name = LaunchScreen.storyboard;
			sourceTree = "<group>";
		};
/* End PBXVariantGroup section */

/* Begin XCBuildConfiguration section */
		4E1BB67C1C99527200A17C22 /* Debug */ = {
			isa = XCBuildConfiguration;
			buildSettings = {
				ALWAYS_SEARCH_USER_PATHS = NO;
				CLANG_CXX_LANGUAGE_STANDARD = "gnu++0x";
				CLANG_CXX_LIBRARY = "libc++";
				CLANG_ENABLE_MODULES = YES;
				CLANG_ENABLE_OBJC_ARC = YES;
				CLANG_WARN_BOOL_CONVERSION = YES;
				CLANG_WARN_CONSTANT_CONVERSION = YES;
				CLANG_WARN_DIRECT_OBJC_ISA_USAGE = YES_ERROR;
				CLANG_WARN_EMPTY_BODY = YES;
				CLANG_WARN_ENUM_CONVERSION = YES;
				CLANG_WARN_INT_CONVERSION = YES;
				CLANG_WARN_OBJC_ROOT_CLASS = YES_ERROR;
				CLANG_WARN_UNREACHABLE_CODE = YES;
				CLANG_WARN__DUPLICATE_METHOD_MATCH = YES;
				"CODE_SIGN_IDENTITY[sdk=iphoneos*]" = "iPhone Developer";
				COPY_PHASE_STRIP = NO;
				DEBUG_INFORMATION_FORMAT = dwarf;
				ENABLE_STRICT_OBJC_MSGSEND = YES;
				ENABLE_TESTABILITY = YES;
				GCC_C_LANGUAGE_STANDARD = gnu99;
				GCC_DYNAMIC_NO_PIC = NO;
				GCC_NO_COMMON_BLOCKS = YES;
				GCC_OPTIMIZATION_LEVEL = 0;
				GCC_PREPROCESSOR_DEFINITIONS = (
					"DEBUG=1",
					"$(inherited)",
				);
				GCC_WARN_64_TO_32_BIT_CONVERSION = YES;
				GCC_WARN_ABOUT_RETURN_TYPE = YES_ERROR;
				GCC_WARN_UNDECLARED_SELECTOR = YES;
				GCC_WARN_UNINITIALIZED_AUTOS = YES_AGGRESSIVE;
				GCC_WARN_UNUSED_FUNCTION = YES;
				GCC_WARN_UNUSED_VARIABLE = YES;
				IPHONEOS_DEPLOYMENT_TARGET = 9.2;
				MTL_ENABLE_DEBUG_INFO = YES;
				ONLY_ACTIVE_ARCH = YES;
				SDKROOT = iphoneos;
			};
			name = Debug;
		};
		4E1BB67D1C99527200A17C22 /* Release */ = {
			isa = XCBuildConfiguration;
			buildSettings = {
				ALWAYS_SEARCH_USER_PATHS = NO;
				CLANG_CXX_LANGUAGE_STANDARD = "gnu++0x";
				CLANG_CXX_LIBRARY = "libc++";
				CLANG_ENABLE_MODULES = YES;
				CLANG_ENABLE_OBJC_ARC = YES;
				CLANG_WARN_BOOL_CONVERSION = YES;
				CLANG_WARN_CONSTANT_CONVERSION = YES;
				CLANG_WARN_DIRECT_OBJC_ISA_USAGE = YES_ERROR;
				CLANG_WARN_EMPTY_BODY = YES;
				CLANG_WARN_ENUM_CONVERSION = YES;
				CLANG_WARN_INT_CONVERSION = YES;
				CLANG_WARN_OBJC_ROOT_CLASS = YES_ERROR;
				CLANG_WARN_UNREACHABLE_CODE = YES;
				CLANG_WARN__DUPLICATE_METHOD_MATCH = YES;
				"CODE_SIGN_IDENTITY[sdk=iphoneos*]" = "iPhone Developer";
				COPY_PHASE_STRIP = NO;
				DEBUG_INFORMATION_FORMAT = "dwarf-with-dsym";
				ENABLE_NS_ASSERTIONS = NO;
				ENABLE_STRICT_OBJC_MSGSEND = YES;
				GCC_C_LANGUAGE_STANDARD = gnu99;
				GCC_NO_COMMON_BLOCKS = YES;
				GCC_WARN_64_TO_32_BIT_CONVERSION = YES;
				GCC_WARN_ABOUT_RETURN_TYPE = YES_ERROR;
				GCC_WARN_UNDECLARED_SELECTOR = YES;
				GCC_WARN_UNINITIALIZED_AUTOS = YES_AGGRESSIVE;
				GCC_WARN_UNUSED_FUNCTION = YES;
				GCC_WARN_UNUSED_VARIABLE = YES;
				IPHONEOS_DEPLOYMENT_TARGET = 9.2;
				MTL_ENABLE_DEBUG_INFO = NO;
				SDKROOT = iphoneos;
				VALIDATE_PRODUCT = YES;
			};
			name = Release;
		};
		4E1BB67F1C99527200A17C22 /* Debug */ = {
			isa = XCBuildConfiguration;
			buildSettings = {
				ASSETCATALOG_COMPILER_APPICON_NAME = AppIcon;
				INFOPLIST_FILE = mmhj/Info.plist;
				LD_RUNPATH_SEARCH_PATHS = "$(inherited) @executable_path/Frameworks";
				PRODUCT_BUNDLE_IDENTIFIER = yc.mmhj;
				PRODUCT_NAME = "$(TARGET_NAME)";
			};
			name = Debug;
		};
		4E1BB6801C99527200A17C22 /* Release */ = {
			isa = XCBuildConfiguration;
			buildSettings = {
				ASSETCATALOG_COMPILER_APPICON_NAME = AppIcon;
				INFOPLIST_FILE = mmhj/Info.plist;
				LD_RUNPATH_SEARCH_PATHS = "$(inherited) @executable_path/Frameworks";
				PRODUCT_BUNDLE_IDENTIFIER = yc.mmhj;
				PRODUCT_NAME = "$(TARGET_NAME)";
			};
			name = Release;
		};
		4E1BB6821C99527200A17C22 /* Debug */ = {
			isa = XCBuildConfiguration;
			buildSettings = {
				BUNDLE_LOADER = "$(TEST_HOST)";
				INFOPLIST_FILE = mmhjTests/Info.plist;
				LD_RUNPATH_SEARCH_PATHS = "$(inherited) @executable_path/Frameworks @loader_path/Frameworks";
				PRODUCT_BUNDLE_IDENTIFIER = yc.mmhjTests;
				PRODUCT_NAME = "$(TARGET_NAME)";
				TEST_HOST = "$(BUILT_PRODUCTS_DIR)/mmhj.app/mmhj";
			};
			name = Debug;
		};
		4E1BB6831C99527200A17C22 /* Release */ = {
			isa = XCBuildConfiguration;
			buildSettings = {
				BUNDLE_LOADER = "$(TEST_HOST)";
				INFOPLIST_FILE = mmhjTests/Info.plist;
				LD_RUNPATH_SEARCH_PATHS = "$(inherited) @executable_path/Frameworks @loader_path/Frameworks";
				PRODUCT_BUNDLE_IDENTIFIER = yc.mmhjTests;
				PRODUCT_NAME = "$(TARGET_NAME)";
				TEST_HOST = "$(BUILT_PRODUCTS_DIR)/mmhj.app/mmhj";
			};
			name = Release;
		};
		4E1BB6851C99527200A17C22 /* Debug */ = {
			isa = XCBuildConfiguration;
			buildSettings = {
				INFOPLIST_FILE = mmhjUITests/Info.plist;
				LD_RUNPATH_SEARCH_PATHS = "$(inherited) @executable_path/Frameworks @loader_path/Frameworks";
				PRODUCT_BUNDLE_IDENTIFIER = yc.mmhjUITests;
				PRODUCT_NAME = "$(TARGET_NAME)";
				TEST_TARGET_NAME = mmhj;
				USES_XCTRUNNER = YES;
			};
			name = Debug;
		};
		4E1BB6861C99527200A17C22 /* Release */ = {
			isa = XCBuildConfiguration;
			buildSettings = {
				INFOPLIST_FILE = mmhjUITests/Info.plist;
				LD_RUNPATH_SEARCH_PATHS = "$(inherited) @executable_path/Frameworks @loader_path/Frameworks";
				PRODUCT_BUNDLE_IDENTIFIER = yc.mmhjUITests;
				PRODUCT_NAME = "$(TARGET_NAME)";
				TEST_TARGET_NAME = mmhj;
				USES_XCTRUNNER = YES;
			};
			name = Release;
		};
/* End XCBuildConfiguration section */

/* Begin XCConfigurationList section */
		4E1BB64C1C99527000A17C22 /* Build configuration list for PBXProject "mmhj" */ = {
			isa = XCConfigurationList;
			buildConfigurations = (
				4E1BB67C1C99527200A17C22 /* Debug */,
				4E1BB67D1C99527200A17C22 /* Release */,
			);
			defaultConfigurationIsVisible = 0;
			defaultConfigurationName = Release;
		};
		4E1BB67E1C99527200A17C22 /* Build configuration list for PBXNativeTarget "mmhj" */ = {
			isa = XCConfigurationList;
			buildConfigurations = (
				4E1BB67F1C99527200A17C22 /* Debug */,
				4E1BB6801C99527200A17C22 /* Release */,
			);
			defaultConfigurationIsVisible = 0;
		};
		4E1BB6811C99527200A17C22 /* Build configuration list for PBXNativeTarget "mmhjTests" */ = {
			isa = XCConfigurationList;
			buildConfigurations = (
				4E1BB6821C99527200A17C22 /* Debug */,
				4E1BB6831C99527200A17C22 /* Release */,
			);
			defaultConfigurationIsVisible = 0;
		};
		4E1BB6841C99527200A17C22 /* Build configuration list for PBXNativeTarget "mmhjUITests" */ = {
			isa = XCConfigurationList;
			buildConfigurations = (
				4E1BB6851C99527200A17C22 /* Debug */,
				4E1BB6861C99527200A17C22 /* Release */,
			);
			defaultConfigurationIsVisible = 0;
		};
/* End XCConfigurationList section */
	};
	rootObject = 4E1BB6491C99527000A17C22 /* Project object */;
}
